<Solution>
  <Folder Name="/src/">
    <Project Path="src/Logistics.Application/Logistics.Application.csproj" />
    <Project Path="src/Logistics.Domain/Logistics.Domain.csproj" />
    <Project Path="src/Logistics.Infrastructure/Logistics.Infrastructure.csproj" />
    <Project Path="src/Logistics.Presentation/Logistics.Presentation.csproj" />
  </Folder>
</Solution>
